// !$*UTF8*$!
{
	archiveVersion = 1;
	classes = {
	};
	objectVersion = 46;
	objects = {

/* Begin PBXBuildFile section */
		1820A7FA1F5CE555004E3870 /* MainVC.m in Sources */ = {isa = PBXBuildFile; fileRef = 1820A7F81F5CE555004E3870 /* MainVC.m */; };
		1820A7FB1F5CE555004E3870 /* MainVC.xib in Resources */ = {isa = PBXBuildFile; fileRef = 1820A7F91F5CE555004E3870 /* MainVC.xib */; };
		1820A7FF1F5CE56A004E3870 /* HomeVC.m in Sources */ = {isa = PBXBuildFile; fileRef = 1820A7FD1F5CE56A004E3870 /* HomeVC.m */; };
		1820A8001F5CE56A004E3870 /* HomeVC.xib in Resources */ = {isa = PBXBuildFile; fileRef = 1820A7FE1F5CE56A004E3870 /* HomeVC.xib */; };
		1820A8041F5CE587004E3870 /* BoxVC.m in Sources */ = {isa = PBXBuildFile; fileRef = 1820A8021F5CE587004E3870 /* BoxVC.m */; };
		1820A8051F5CE587004E3870 /* BoxVC.xib in Resources */ = {isa = PBXBuildFile; fileRef = 1820A8031F5CE587004E3870 /* BoxVC.xib */; };
		1820A8091F5D2DD3004E3870 /* nextVC.m in Sources */ = {isa = PBXBuildFile; fileRef = 1820A8071F5D2DD3004E3870 /* nextVC.m */; };
		1820A80A1F5D2DD3004E3870 /* nextVC.xib in Resources */ = {isa = PBXBuildFile; fileRef = 1820A8081F5D2DD3004E3870 /* nextVC.xib */; };
		18C52FAC1F5BEFB700F39E74 /* AppDelegate.m in Sources */ = {isa = PBXBuildFile; fileRef = 18C52FAB1F5BEFB700F39E74 /* AppDelegate.m */; };
		18C52FAF1F5BEFB700F39E74 /* main.m in Sources */ = {isa = PBXBuildFile; fileRef = 18C52FAE1F5BEFB700F39E74 /* main.m */; };
		18C52FB11F5BEFB700F39E74 /* Assets.xcassets in Resources */ = {isa = PBXBuildFile; fileRef = 18C52FB01F5BEFB700F39E74 /* Assets.xcassets */; };
		18C52FB41F5BEFB700F39E74 /* MainMenu.xib in Resources */ = {isa = PBXBuildFile; fileRef = 18C52FB21F5BEFB700F39E74 /* MainMenu.xib */; };
/* End PBXBuildFile section */

/* Begin PBXFileReference section */
		1820A7F71F5CE555004E3870 /* MainVC.h */ = {isa = PBXFileReference; fileEncoding = 4; lastKnownFileType = sourcecode.c.h; path = MainVC.h; sourceTree = "<group>"; };
		1820A7F81F5CE555004E3870 /* MainVC.m */ = {isa = PBXFileReference; fileEncoding = 4; lastKnownFileType = sourcecode.c.objc; path = MainVC.m; sourceTree = "<group>"; };
		1820A7F91F5CE555004E3870 /* MainVC.xib */ = {isa = PBXFileReference; fileEncoding = 4; lastKnownFileType = file.xib; path = MainVC.xib; sourceTree = "<group>"; };
		1820A7FC1F5CE56A004E3870 /* HomeVC.h */ = {isa = PBXFileReference; fileEncoding = 4; lastKnownFileType = sourcecode.c.h; path = HomeVC.h; sourceTree = "<group>"; };
		1820A7FD1F5CE56A004E3870 /* HomeVC.m */ = {isa = PBXFileReference; fileEncoding = 4; lastKnownFileType = sourcecode.c.objc; path = HomeVC.m; sourceTree = "<group>"; };
		1820A7FE1F5CE56A004E3870 /* HomeVC.xib */ = {isa = PBXFileReference; fileEncoding = 4; lastKnownFileType = file.xib; path = HomeVC.xib; sourceTree = "<group>"; };
		1820A8011F5CE587004E3870 /* BoxVC.h */ = {isa = PBXFileReference; fileEncoding = 4; lastKnownFileType = sourcecode.c.h; path = BoxVC.h; sourceTree = "<group>"; };
		1820A8021F5CE587004E3870 /* BoxVC.m */ = {isa = PBXFileReference; fileEncoding = 4; lastKnownFileType = sourcecode.c.objc; path = BoxVC.m; sourceTree = "<group>"; };
		1820A8031F5CE587004E3870 /* BoxVC.xib */ = {isa = PBXFileReference; fileEncoding = 4; lastKnownFileType = file.xib; path = BoxVC.xib; sourceTree = "<group>"; };
		1820A8061F5D2DD3004E3870 /* nextVC.h */ = {isa = PBXFileReference; fileEncoding = 4; lastKnownFileType = sourcecode.c.h; path = nextVC.h; sourceTree = "<group>"; };
		1820A8071F5D2DD3004E3870 /* nextVC.m */ = {isa = PBXFileReference; fileEncoding = 4; lastKnownFileType = sourcecode.c.objc; path = nextVC.m; sourceTree = "<group>"; };
		1820A8081F5D2DD3004E3870 /* nextVC.xib */ = {isa = PBXFileReference; fileEncoding = 4; lastKnownFileType = file.xib; path = nextVC.xib; sourceTree = "<group>"; };
		18C52FA71F5BEFB700F39E74 /* Demo.app */ = {isa = PBXFileReference; explicitFileType = wrapper.application; includeInIndex = 0; path = Demo.app; sourceTree = BUILT_PRODUCTS_DIR; };
		18C52FAA1F5BEFB700F39E74 /* AppDelegate.h */ = {isa = PBXFileReference; lastKnownFileType = sourcecode.c.h; path = AppDelegate.h; sourceTree = "<group>"; };
		18C52FAB1F5BEFB700F39E74 /* AppDelegate.m */ = {isa = PBXFileReference; lastKnownFileType = sourcecode.c.objc; path = AppDelegate.m; sourceTree = "<group>"; };
		18C52FAE1F5BEFB700F39E74 /* main.m */ = {isa = PBXFileReference; lastKnownFileType = sourcecode.c.objc; path = main.m; sourceTree = "<group>"; };
		18C52FB01F5BEFB700F39E74 /* Assets.xcassets */ = {isa = PBXFileReference; lastKnownFileType = folder.assetcatalog; path = Assets.xcassets; sourceTree = "<group>"; };
		18C52FB31F5BEFB700F39E74 /* Base */ = {isa = PBXFileReference; lastKnownFileType = file.xib; name = Base; path = Base.lproj/MainMenu.xib; sourceTree = "<group>"; };
		18C52FB51F5BEFB700F39E74 /* Info.plist */ = {isa = PBXFileReference; lastKnownFileType = text.plist.xml; path = Info.plist; sourceTree = "<group>"; };
/* End PBXFileReference section */

/* Begin PBXFrameworksBuildPhase section */
		18C52FA41F5BEFB700F39E74 /* Frameworks */ = {
			isa = PBXFrameworksBuildPhase;
			buildActionMask = 2147483647;
			files = (
			);
			runOnlyForDeploymentPostprocessing = 0;
		};
/* End PBXFrameworksBuildPhase section */

/* Begin PBXGroup section */
		18C52F9E1F5BEFB700F39E74 = {
			isa = PBXGroup;
			children = (
				18C52FA91F5BEFB700F39E74 /* Demo */,
				18C52FA81F5BEFB700F39E74 /* Products */,
			);
			sourceTree = "<group>";
		};
		18C52FA81F5BEFB700F39E74 /* Products */ = {
			isa = PBXGroup;
			children = (
				18C52FA71F5BEFB700F39E74 /* Demo.app */,
			);
			name = Products;
			sourceTree = "<group>";
		};
		18C52FA91F5BEFB700F39E74 /* Demo */ = {
			isa = PBXGroup;
			children = (
				18C52FAA1F5BEFB700F39E74 /* AppDelegate.h */,
				18C52FAB1F5BEFB700F39E74 /* AppDelegate.m */,
				1820A7F71F5CE555004E3870 /* MainVC.h */,
				1820A7F81F5CE555004E3870 /* MainVC.m */,
				1820A7F91F5CE555004E3870 /* MainVC.xib */,
				1820A7FC1F5CE56A004E3870 /* HomeVC.h */,
				1820A7FD1F5CE56A004E3870 /* HomeVC.m */,
				1820A7FE1F5CE56A004E3870 /* HomeVC.xib */,
				1820A8011F5CE587004E3870 /* BoxVC.h */,
				1820A8021F5CE587004E3870 /* BoxVC.m */,
				1820A8031F5CE587004E3870 /* BoxVC.xib */,
				1820A8061F5D2DD3004E3870 /* nextVC.h */,
				1820A8071F5D2DD3004E3870 /* nextVC.m */,
				1820A8081F5D2DD3004E3870 /* nextVC.xib */,
				18C52FB01F5BEFB700F39E74 /* Assets.xcassets */,
				18C52FB21F5BEFB700F39E74 /* MainMenu.xib */,
				18C52FB51F5BEFB700F39E74 /* Info.plist */,
				18C52FAD1F5BEFB700F39E74 /* Supporting Files */,
			);
			path = Demo;
			sourceTree = "<group>";
		};
		18C52FAD1F5BEFB700F39E74 /* Supporting Files */ = {
			isa = PBXGroup;
			children = (
				18C52FAE1F5BEFB700F39E74 /* main.m */,
			);
			name = "Supporting Files";
			sourceTree = "<group>";
		};
/* End PBXGroup section */

/* Begin PBXNativeTarget section */
		18C52FA61F5BEFB700F39E74 /* Demo */ = {
			isa = PBXNativeTarget;
			buildConfigurationList = 18C52FB81F5BEFB700F39E74 /* Build configuration list for PBXNativeTarget "Demo" */;
			buildPhases = (
				18C52FA31F5BEFB700F39E74 /* Sources */,
				18C52FA41F5BEFB700F39E74 /* Frameworks */,
				18C52FA51F5BEFB700F39E74 /* Resources */,
			);
			buildRules = (
			);
			dependencies = (
			);
			name = Demo;
			productName = Demo;
			productReference = 18C52FA71F5BEFB700F39E74 /* Demo.app */;
			productType = "com.apple.product-type.application";
		};
/* End PBXNativeTarget section */

/* Begin PBXProject section */
		18C52F9F1F5BEFB700F39E74 /* Project object */ = {
			isa = PBXProject;
			attributes = {
				LastUpgradeCheck = 0820;
				ORGANIZATIONNAME = "仝兴伟";
				TargetAttributes = {
					18C52FA61F5BEFB700F39E74 = {
						CreatedOnToolsVersion = 8.2;
						DevelopmentTeam = 4K4UX9PEKL;
						ProvisioningStyle = Automatic;
					};
				};
			};
			buildConfigurationList = 18C52FA21F5BEFB700F39E74 /* Build configuration list for PBXProject "Demo" */;
			compatibilityVersion = "Xcode 3.2";
			developmentRegion = English;
			hasScannedForEncodings = 0;
			knownRegions = (
				en,
				Base,
			);
			mainGroup = 18C52F9E1F5BEFB700F39E74;
			productRefGroup = 18C52FA81F5BEFB700F39E74 /* Products */;
			projectDirPath = "";
			projectRoot = "";
			targets = (
				18C52FA61F5BEFB700F39E74 /* Demo */,
			);
		};
/* End PBXProject section */

/* Begin PBXResourcesBuildPhase section */
		18C52FA51F5BEFB700F39E74 /* Resources */ = {
			isa = PBXResourcesBuildPhase;
			buildActionMask = 2147483647;
			files = (
				1820A7FB1F5CE555004E3870 /* MainVC.xib in Resources */,
				1820A8001F5CE56A004E3870 /* HomeVC.xib in Resources */,
				1820A8051F5CE587004E3870 /* BoxVC.xib in Resources */,
				18C52FB11F5BEFB700F39E74 /* Assets.xcassets in Resources */,
				18C52FB41F5BEFB700F39E74 /* MainMenu.xib in Resources */,
				1820A80A1F5D2DD3004E3870 /* nextVC.xib in Resources */,
			);
			runOnlyForDeploymentPostprocessing = 0;
		};
/* End PBXResourcesBuildPhase section */

/* Begin PBXSourcesBuildPhase section */
		18C52FA31F5BEFB700F39E74 /* Sources */ = {
			isa = PBXSourcesBuildPhase;
			buildActionMask = 2147483647;
			files = (
				1820A7FA1F5CE555004E3870 /* MainVC.m in Sources */,
				1820A7FF1F5CE56A004E3870 /* HomeVC.m in Sources */,
				1820A8041F5CE587004E3870 /* BoxVC.m in Sources */,
				18C52FAF1F5BEFB700F39E74 /* main.m in Sources */,
				18C52FAC1F5BEFB700F39E74 /* AppDelegate.m in Sources */,
				1820A8091F5D2DD3004E3870 /* nextVC.m in Sources */,
			);
			runOnlyForDeploymentPostprocessing = 0;
		};
/* End PBXSourcesBuildPhase section */

/* Begin PBXVariantGroup section */
		18C52FB21F5BEFB700F39E74 /* MainMenu.xib */ = {
			isa = PBXVariantGroup;
			children = (
				18C52FB31F5BEFB700F39E74 /* Base */,
			);
			name = MainMenu.xib;
			sourceTree = "<group>";
		};
/* End PBXVariantGroup section */

/* Begin XCBuildConfiguration section */
		18C52FB61F5BEFB700F39E74 /* Debug */ = {
			isa = XCBuildConfiguration;
			buildSettings = {
				ALWAYS_SEARCH_USER_PATHS = NO;
				CLANG_ANALYZER_NONNULL = YES;
				CLANG_CXX_LANGUAGE_STANDARD = "gnu++0x";
				CLANG_CXX_LIBRARY = "libc++";
				CLANG_ENABLE_MODULES = YES;
				CLANG_ENABLE_OBJC_ARC = YES;
				CLANG_WARN_BOOL_CONVERSION = YES;
				CLANG_WARN_CONSTANT_CONVERSION = YES;
				CLANG_WARN_DIRECT_OBJC_ISA_USAGE = YES_ERROR;
				CLANG_WARN_DOCUMENTATION_COMMENTS = YES;
				CLANG_WARN_EMPTY_BODY = YES;
				CLANG_WARN_ENUM_CONVERSION = YES;
				CLANG_WARN_INFINITE_RECURSION = YES;
				CLANG_WARN_INT_CONVERSION = YES;
				CLANG_WARN_OBJC_ROOT_CLASS = YES_ERROR;
				CLANG_WARN_SUSPICIOUS_MOVE = YES;
				CLANG_WARN_UNREACHABLE_CODE = YES;
				CLANG_WARN__DUPLICATE_METHOD_MATCH = YES;
				CODE_SIGN_IDENTITY = "-";
				COPY_PHASE_STRIP = NO;
				DEBUG_INFORMATION_FORMAT = dwarf;
				ENABLE_STRICT_OBJC_MSGSEND = YES;
				ENABLE_TESTABILITY = YES;
				GCC_C_LANGUAGE_STANDARD = gnu99;
				GCC_DYNAMIC_NO_PIC = NO;
				GCC_NO_COMMON_BLOCKS = YES;
				GCC_OPTIMIZATION_LEVEL = 0;
				GCC_PREPROCESSOR_DEFINITIONS = (
					"DEBUG=1",
					"$(inherited)",
				);
				GCC_WARN_64_TO_32_BIT_CONVERSION = YES;
				GCC_WARN_ABOUT_RETURN_TYPE = YES_ERROR;
				GCC_WARN_UNDECLARED_SELECTOR = YES;
				GCC_WARN_UNINITIALIZED_AUTOS = YES_AGGRESSIVE;
				GCC_WARN_UNUSED_FUNCTION = YES;
				GCC_WARN_UNUSED_VARIABLE = YES;
				MACOSX_DEPLOYMENT_TARGET = 10.12;
				MTL_ENABLE_DEBUG_INFO = YES;
				ONLY_ACTIVE_ARCH = YES;
				SDKROOT = macosx;
			};
			name = Debug;
		};
		18C52FB71F5BEFB700F39E74 /* Release */ = {
			isa = XCBuildConfiguration;
			buildSettings = {
				ALWAYS_SEARCH_USER_PATHS = NO;
				CLANG_ANALYZER_NONNULL = YES;
				CLANG_CXX_LANGUAGE_STANDARD = "gnu++0x";
				CLANG_CXX_LIBRARY = "libc++";
				CLANG_ENABLE_MODULES = YES;
				CLANG_ENABLE_OBJC_ARC = YES;
				CLANG_WARN_BOOL_CONVERSION = YES;
				CLANG_WARN_CONSTANT_CONVERSION = YES;
				CLANG_WARN_DIRECT_OBJC_ISA_USAGE = YES_ERROR;
				CLANG_WARN_DOCUMENTATION_COMMENTS = YES;
				CLANG_WARN_EMPTY_BODY = YES;
				CLANG_WARN_ENUM_CONVERSION = YES;
				CLANG_WARN_INFINITE_RECURSION = YES;
				CLANG_WARN_INT_CONVERSION = YES;
				CLANG_WARN_OBJC_ROOT_CLASS = YES_ERROR;
				CLANG_WARN_SUSPICIOUS_MOVE = YES;
				CLANG_WARN_UNREACHABLE_CODE = YES;
				CLANG_WARN__DUPLICATE_METHOD_MATCH = YES;
				CODE_SIGN_IDENTITY = "-";
				COPY_PHASE_STRIP = NO;
				DEBUG_INFORMATION_FORMAT = "dwarf-with-dsym";
				ENABLE_NS_ASSERTIONS = NO;
				ENABLE_STRICT_OBJC_MSGSEND = YES;
				GCC_C_LANGUAGE_STANDARD = gnu99;
				GCC_NO_COMMON_BLOCKS = YES;
				GCC_WARN_64_TO_32_BIT_CONVERSION = YES;
				GCC_WARN_ABOUT_RETURN_TYPE = YES_ERROR;
				GCC_WARN_UNDECLARED_SELECTOR = YES;
				GCC_WARN_UNINITIALIZED_AUTOS = YES_AGGRESSIVE;
				GCC_WARN_UNUSED_FUNCTION = YES;
				GCC_WARN_UNUSED_VARIABLE = YES;
				MACOSX_DEPLOYMENT_TARGET = 10.12;
				MTL_ENABLE_DEBUG_INFO = NO;
				SDKROOT = macosx;
			};
			name = Release;
		};
		18C52FB91F5BEFB700F39E74 /* Debug */ = {
			isa = XCBuildConfiguration;
			buildSettings = {
				ASSETCATALOG_COMPILER_APPICON_NAME = AppIcon;
				COMBINE_HIDPI_IMAGES = YES;
				DEVELOPMENT_TEAM = 4K4UX9PEKL;
				INFOPLIST_FILE = Demo/Info.plist;
				LD_RUNPATH_SEARCH_PATHS = "$(inherited) @executable_path/../Frameworks";
				PRODUCT_BUNDLE_IDENTIFIER = cloudscreen.Demo;
				PRODUCT_NAME = "$(TARGET_NAME)";
			};
			name = Debug;
		};
		18C52FBA1F5BEFB700F39E74 /* Release */ = {
			isa = XCBuildConfiguration;
			buildSettings = {
				ASSETCATALOG_COMPILER_APPICON_NAME = AppIcon;
				COMBINE_HIDPI_IMAGES = YES;
				DEVELOPMENT_TEAM = 4K4UX9PEKL;
				INFOPLIST_FILE = Demo/Info.plist;
				LD_RUNPATH_SEARCH_PATHS = "$(inherited) @executable_path/../Frameworks";
				PRODUCT_BUNDLE_IDENTIFIER = cloudscreen.Demo;
				PRODUCT_NAME = "$(TARGET_NAME)";
			};
			name = Release;
		};
/* End XCBuildConfiguration section */

/* Begin XCConfigurationList section */
		18C52FA21F5BEFB700F39E74 /* Build configuration list for PBXProject "Demo" */ = {
			isa = XCConfigurationList;
			buildConfigurations = (
				18C52FB61F5BEFB700F39E74 /* Debug */,
				18C52FB71F5BEFB700F39E74 /* Release */,
			);
			defaultConfigurationIsVisible = 0;
			defaultConfigurationName = Release;
		};
		18C52FB81F5BEFB700F39E74 /* Build configuration list for PBXNativeTarget "Demo" */ = {
			isa = XCConfigurationList;
			buildConfigurations = (
				18C52FB91F5BEFB700F39E74 /* Debug */,
				18C52FBA1F5BEFB700F39E74 /* Release */,
			);
			defaultConfigurationIsVisible = 0;
			defaultConfigurationName = Release;
		};
/* End XCConfigurationList section */
	};
	rootObject = 18C52F9F1F5BEFB700F39E74 /* Project object */;
}
